// !$*UTF8*$!
{
	archiveVersion = 1;
	classes = {
	};
	objectVersion = 56;
	objects = {

/* Begin PBXBuildFile section */
		E1165AEC2CBED5C400D62FA8 /* DevInfo+CoreDataClass.swift in Sources */ = {isa = PBXBuildFile; fileRef = E1165AEA2CBED5C400D62FA8 /* DevInfo+CoreDataClass.swift */; };
		E1165AED2CBED5C400D62FA8 /* DevInfo+CoreDataProperties.swift in Sources */ = {isa = PBXBuildFile; fileRef = E1165AEB2CBED5C400D62FA8 /* DevInfo+CoreDataProperties.swift */; };
		E1165B332CBED70F00D62FA8 /* DeviceInfomation+CoreDataClass.swift in Sources */ = {isa = PBXBuildFile; fileRef = E1165B312CBED70F00D62FA8 /* DeviceInfomation+CoreDataClass.swift */; };
		E1165B342CBED70F00D62FA8 /* DeviceInfomation+CoreDataProperties.swift in Sources */ = {isa = PBXBuildFile; fileRef = E1165B322CBED70F00D62FA8 /* DeviceInfomation+CoreDataProperties.swift */; };
		E1165B382CBED8A700D62FA8 /* CoredataManager.swift in Sources */ = {isa = PBXBuildFile; fileRef = E1165B372CBED8A700D62FA8 /* CoredataManager.swift */; };
		E192C7362CBF021A00AC5721 /* GoogleSignIn in Frameworks */ = {isa = PBXBuildFile; productRef = E192C7352CBF021A00AC5721 /* GoogleSignIn */; };
		E192C7392CBF179200AC5721 /* StoredDevListVC.swift in Sources */ = {isa = PBXBuildFile; fileRef = E192C7382CBF179200AC5721 /* StoredDevListVC.swift */; };
		E1F890892CBE45A5001F1CE0 /* AppDelegate.swift in Sources */ = {isa = PBXBuildFile; fileRef = E1F890882CBE45A5001F1CE0 /* AppDelegate.swift */; };
		E1F8908B2CBE45A5001F1CE0 /* SceneDelegate.swift in Sources */ = {isa = PBXBuildFile; fileRef = E1F8908A2CBE45A5001F1CE0 /* SceneDelegate.swift */; };
		E1F8908D2CBE45A5001F1CE0 /* ViewController.swift in Sources */ = {isa = PBXBuildFile; fileRef = E1F8908C2CBE45A5001F1CE0 /* ViewController.swift */; };
		E1F890902CBE45A5001F1CE0 /* Base in Resources */ = {isa = PBXBuildFile; fileRef = E1F8908F2CBE45A5001F1CE0 /* Base */; };
		E1F890932CBE45A5001F1CE0 /* Ust_TestDemo.xcdatamodeld in Sources */ = {isa = PBXBuildFile; fileRef = E1F890912CBE45A5001F1CE0 /* Ust_TestDemo.xcdatamodeld */; };
		E1F890952CBE45A7001F1CE0 /* Assets.xcassets in Resources */ = {isa = PBXBuildFile; fileRef = E1F890942CBE45A7001F1CE0 /* Assets.xcassets */; };
		E1F890982CBE45A7001F1CE0 /* Base in Resources */ = {isa = PBXBuildFile; fileRef = E1F890972CBE45A7001F1CE0 /* Base */; };
		E1F890A32CBE45A7001F1CE0 /* Ust_TestDemoTests.swift in Sources */ = {isa = PBXBuildFile; fileRef = E1F890A22CBE45A7001F1CE0 /* Ust_TestDemoTests.swift */; };
		E1F890AD2CBE45A7001F1CE0 /* Ust_TestDemoUITests.swift in Sources */ = {isa = PBXBuildFile; fileRef = E1F890AC2CBE45A7001F1CE0 /* Ust_TestDemoUITests.swift */; };
		E1F890AF2CBE45A7001F1CE0 /* Ust_TestDemoUITestsLaunchTests.swift in Sources */ = {isa = PBXBuildFile; fileRef = E1F890AE2CBE45A7001F1CE0 /* Ust_TestDemoUITestsLaunchTests.swift */; };
		E1F890C52CBE4795001F1CE0 /* LoginManger.m in Sources */ = {isa = PBXBuildFile; fileRef = E1F890C42CBE4795001F1CE0 /* LoginManger.m */; };
		E1F890CE2CBE4F64001F1CE0 /* LoginVCViewController.swift in Sources */ = {isa = PBXBuildFile; fileRef = E1F890CD2CBE4F64001F1CE0 /* LoginVCViewController.swift */; };
		E1F890D02CBE4F9E001F1CE0 /* DiscoveryVc.swift in Sources */ = {isa = PBXBuildFile; fileRef = E1F890CF2CBE4F9E001F1CE0 /* DiscoveryVc.swift */; };
		E1F890D22CBE4FDA001F1CE0 /* DetailIPVc.swift in Sources */ = {isa = PBXBuildFile; fileRef = E1F890D12CBE4FDA001F1CE0 /* DetailIPVc.swift */; };
		E1F890D92CBE6D17001F1CE0 /* discoveryCell.swift in Sources */ = {isa = PBXBuildFile; fileRef = E1F890D72CBE6D17001F1CE0 /* discoveryCell.swift */; };
		E1F890DA2CBE6D17001F1CE0 /* discoveryCell.xib in Resources */ = {isa = PBXBuildFile; fileRef = E1F890D82CBE6D17001F1CE0 /* discoveryCell.xib */; };
		E1F890DD2CBE9699001F1CE0 /* DetailIPVcModel.swift in Sources */ = {isa = PBXBuildFile; fileRef = E1F890DC2CBE9699001F1CE0 /* DetailIPVcModel.swift */; };
		E1F890DF2CBE9C4A001F1CE0 /* IPInfo.swift in Sources */ = {isa = PBXBuildFile; fileRef = E1F890DE2CBE9C4A001F1CE0 /* IPInfo.swift */; };
/* End PBXBuildFile section */

/* Begin PBXContainerItemProxy section */
		E1F8909F2CBE45A7001F1CE0 /* PBXContainerItemProxy */ = {
			isa = PBXContainerItemProxy;
			containerPortal = E1F8907D2CBE45A5001F1CE0 /* Project object */;
			proxyType = 1;
			remoteGlobalIDString = E1F890842CBE45A5001F1CE0;
			remoteInfo = Ust_TestDemo;
		};
		E1F890A92CBE45A7001F1CE0 /* PBXContainerItemProxy */ = {
			isa = PBXContainerItemProxy;
			containerPortal = E1F8907D2CBE45A5001F1CE0 /* Project object */;
			proxyType = 1;
			remoteGlobalIDString = E1F890842CBE45A5001F1CE0;
			remoteInfo = Ust_TestDemo;
		};
/* End PBXContainerItemProxy section */

/* Begin PBXFileReference section */
		E1165AEA2CBED5C400D62FA8 /* DevInfo+CoreDataClass.swift */ = {isa = PBXFileReference; lastKnownFileType = sourcecode.swift; name = "DevInfo+CoreDataClass.swift"; path = "Ust_TestDemo/DevInfo+CoreDataClass.swift"; sourceTree = "<group>"; };
		E1165AEB2CBED5C400D62FA8 /* DevInfo+CoreDataProperties.swift */ = {isa = PBXFileReference; lastKnownFileType = sourcecode.swift; name = "DevInfo+CoreDataProperties.swift"; path = "Ust_TestDemo/DevInfo+CoreDataProperties.swift"; sourceTree = "<group>"; };
		E1165B312CBED70F00D62FA8 /* DeviceInfomation+CoreDataClass.swift */ = {isa = PBXFileReference; lastKnownFileType = sourcecode.swift; name = "DeviceInfomation+CoreDataClass.swift"; path = "Ust_TestDemo/DeviceInfomation+CoreDataClass.swift"; sourceTree = "<group>"; };
		E1165B322CBED70F00D62FA8 /* DeviceInfomation+CoreDataProperties.swift */ = {isa = PBXFileReference; lastKnownFileType = sourcecode.swift; name = "DeviceInfomation+CoreDataProperties.swift"; path = "Ust_TestDemo/DeviceInfomation+CoreDataProperties.swift"; sourceTree = "<group>"; };
		E1165B372CBED8A700D62FA8 /* CoredataManager.swift */ = {isa = PBXFileReference; lastKnownFileType = sourcecode.swift; path = CoredataManager.swift; sourceTree = "<group>"; };
		E192C7382CBF179200AC5721 /* StoredDevListVC.swift */ = {isa = PBXFileReference; lastKnownFileType = sourcecode.swift; path = StoredDevListVC.swift; sourceTree = "<group>"; };
		E1F890852CBE45A5001F1CE0 /* Ust_TestDemo.app */ = {isa = PBXFileReference; explicitFileType = wrapper.application; includeInIndex = 0; path = Ust_TestDemo.app; sourceTree = BUILT_PRODUCTS_DIR; };
		E1F890882CBE45A5001F1CE0 /* AppDelegate.swift */ = {isa = PBXFileReference; lastKnownFileType = sourcecode.swift; path = AppDelegate.swift; sourceTree = "<group>"; };
		E1F8908A2CBE45A5001F1CE0 /* SceneDelegate.swift */ = {isa = PBXFileReference; lastKnownFileType = sourcecode.swift; path = SceneDelegate.swift; sourceTree = "<group>"; };
		E1F8908C2CBE45A5001F1CE0 /* ViewController.swift */ = {isa = PBXFileReference; lastKnownFileType = sourcecode.swift; path = ViewController.swift; sourceTree = "<group>"; };
		E1F8908F2CBE45A5001F1CE0 /* Base */ = {isa = PBXFileReference; lastKnownFileType = file.storyboard; name = Base; path = Base.lproj/Main.storyboard; sourceTree = "<group>"; };
		E1F890922CBE45A5001F1CE0 /* Ust_TestDemo.xcdatamodel */ = {isa = PBXFileReference; lastKnownFileType = wrapper.xcdatamodel; path = Ust_TestDemo.xcdatamodel; sourceTree = "<group>"; };
		E1F890942CBE45A7001F1CE0 /* Assets.xcassets */ = {isa = PBXFileReference; lastKnownFileType = folder.assetcatalog; path = Assets.xcassets; sourceTree = "<group>"; };
		E1F890972CBE45A7001F1CE0 /* Base */ = {isa = PBXFileReference; lastKnownFileType = file.storyboard; name = Base; path = Base.lproj/LaunchScreen.storyboard; sourceTree = "<group>"; };
		E1F890992CBE45A7001F1CE0 /* Info.plist */ = {isa = PBXFileReference; lastKnownFileType = text.plist.xml; path = Info.plist; sourceTree = "<group>"; };
		E1F8909E2CBE45A7001F1CE0 /* Ust_TestDemoTests.xctest */ = {isa = PBXFileReference; explicitFileType = wrapper.cfbundle; includeInIndex = 0; path = Ust_TestDemoTests.xctest; sourceTree = BUILT_PRODUCTS_DIR; };
		E1F890A22CBE45A7001F1CE0 /* Ust_TestDemoTests.swift */ = {isa = PBXFileReference; lastKnownFileType = sourcecode.swift; path = Ust_TestDemoTests.swift; sourceTree = "<group>"; };
		E1F890A82CBE45A7001F1CE0 /* Ust_TestDemoUITests.xctest */ = {isa = PBXFileReference; explicitFileType = wrapper.cfbundle; includeInIndex = 0; path = Ust_TestDemoUITests.xctest; sourceTree = BUILT_PRODUCTS_DIR; };
		E1F890AC2CBE45A7001F1CE0 /* Ust_TestDemoUITests.swift */ = {isa = PBXFileReference; lastKnownFileType = sourcecode.swift; path = Ust_TestDemoUITests.swift; sourceTree = "<group>"; };
		E1F890AE2CBE45A7001F1CE0 /* Ust_TestDemoUITestsLaunchTests.swift */ = {isa = PBXFileReference; lastKnownFileType = sourcecode.swift; path = Ust_TestDemoUITestsLaunchTests.swift; sourceTree = "<group>"; };
		E1F890BB2CBE4679001F1CE0 /* Ust_TestDemo-Bridging-Header.h */ = {isa = PBXFileReference; lastKnownFileType = sourcecode.c.h; path = "Ust_TestDemo-Bridging-Header.h"; sourceTree = "<group>"; };
		E1F890C32CBE4795001F1CE0 /* LoginManger.h */ = {isa = PBXFileReference; lastKnownFileType = sourcecode.c.h; path = LoginManger.h; sourceTree = "<group>"; };
		E1F890C42CBE4795001F1CE0 /* LoginManger.m */ = {isa = PBXFileReference; lastKnownFileType = sourcecode.c.objc; path = LoginManger.m; sourceTree = "<group>"; };
		E1F890CD2CBE4F64001F1CE0 /* LoginVCViewController.swift */ = {isa = PBXFileReference; lastKnownFileType = sourcecode.swift; path = LoginVCViewController.swift; sourceTree = "<group>"; };
		E1F890CF2CBE4F9E001F1CE0 /* DiscoveryVc.swift */ = {isa = PBXFileReference; lastKnownFileType = sourcecode.swift; path = DiscoveryVc.swift; sourceTree = "<group>"; };
		E1F890D12CBE4FDA001F1CE0 /* DetailIPVc.swift */ = {isa = PBXFileReference; lastKnownFileType = sourcecode.swift; path = DetailIPVc.swift; sourceTree = "<group>"; };
		E1F890D72CBE6D17001F1CE0 /* discoveryCell.swift */ = {isa = PBXFileReference; lastKnownFileType = sourcecode.swift; path = discoveryCell.swift; sourceTree = "<group>"; };
		E1F890D82CBE6D17001F1CE0 /* discoveryCell.xib */ = {isa = PBXFileReference; lastKnownFileType = file.xib; path = discoveryCell.xib; sourceTree = "<group>"; };
		E1F890DC2CBE9699001F1CE0 /* DetailIPVcModel.swift */ = {isa = PBXFileReference; lastKnownFileType = sourcecode.swift; path = DetailIPVcModel.swift; sourceTree = "<group>"; };
		E1F890DE2CBE9C4A001F1CE0 /* IPInfo.swift */ = {isa = PBXFileReference; lastKnownFileType = sourcecode.swift; path = IPInfo.swift; sourceTree = "<group>"; };
/* End PBXFileReference section */

/* Begin PBXFrameworksBuildPhase section */
		E1F890822CBE45A5001F1CE0 /* Frameworks */ = {
			isa = PBXFrameworksBuildPhase;
			buildActionMask = 2147483647;
			files = (
				E192C7362CBF021A00AC5721 /* GoogleSignIn in Frameworks */,
			);
			runOnlyForDeploymentPostprocessing = 0;
		};
		E1F8909B2CBE45A7001F1CE0 /* Frameworks */ = {
			isa = PBXFrameworksBuildPhase;
			buildActionMask = 2147483647;
			files = (
			);
			runOnlyForDeploymentPostprocessing = 0;
		};
		E1F890A52CBE45A7001F1CE0 /* Frameworks */ = {
			isa = PBXFrameworksBuildPhase;
			buildActionMask = 2147483647;
			files = (
			);
			runOnlyForDeploymentPostprocessing = 0;
		};
/* End PBXFrameworksBuildPhase section */

/* Begin PBXGroup section */
		E1165B362CBED88F00D62FA8 /* CoreData */ = {
			isa = PBXGroup;
			children = (
				E1165B372CBED8A700D62FA8 /* CoredataManager.swift */,
			);
			path = CoreData;
			sourceTree = "<group>";
		};
		E192C7342CBF021A00AC5721 /* Frameworks */ = {
			isa = PBXGroup;
			children = (
			);
			name = Frameworks;
			sourceTree = "<group>";
		};
		E1F8907C2CBE45A5001F1CE0 = {
			isa = PBXGroup;
			children = (
				E1165B312CBED70F00D62FA8 /* DeviceInfomation+CoreDataClass.swift */,
				E1165B322CBED70F00D62FA8 /* DeviceInfomation+CoreDataProperties.swift */,
				E1165AEA2CBED5C400D62FA8 /* DevInfo+CoreDataClass.swift */,
				E1165AEB2CBED5C400D62FA8 /* DevInfo+CoreDataProperties.swift */,
				E1F890872CBE45A5001F1CE0 /* Ust_TestDemo */,
				E1F890A12CBE45A7001F1CE0 /* Ust_TestDemoTests */,
				E1F890AB2CBE45A7001F1CE0 /* Ust_TestDemoUITests */,
				E1F890862CBE45A5001F1CE0 /* Products */,
				E192C7342CBF021A00AC5721 /* Frameworks */,
			);
			sourceTree = "<group>";
		};
		E1F890862CBE45A5001F1CE0 /* Products */ = {
			isa = PBXGroup;
			children = (
				E1F890852CBE45A5001F1CE0 /* Ust_TestDemo.app */,
				E1F8909E2CBE45A7001F1CE0 /* Ust_TestDemoTests.xctest */,
				E1F890A82CBE45A7001F1CE0 /* Ust_TestDemoUITests.xctest */,
			);
			name = Products;
			sourceTree = "<group>";
		};
		E1F890872CBE45A5001F1CE0 /* Ust_TestDemo */ = {
			isa = PBXGroup;
			children = (
				E1165B362CBED88F00D62FA8 /* CoreData */,
				E1F890DB2CBE967D001F1CE0 /* ModelView */,
				E1F890D62CBE6CFB001F1CE0 /* Cell */,
				E1F890D32CBE6B57001F1CE0 /* Model */,
				E1F890C62CBE4BA3001F1CE0 /* Controllers */,
				E1F890C22CBE4782001F1CE0 /* Manger */,
				E1F890882CBE45A5001F1CE0 /* AppDelegate.swift */,
				E1F8908A2CBE45A5001F1CE0 /* SceneDelegate.swift */,
				E1F8908C2CBE45A5001F1CE0 /* ViewController.swift */,
				E1F8908E2CBE45A5001F1CE0 /* Main.storyboard */,
				E1F890942CBE45A7001F1CE0 /* Assets.xcassets */,
				E1F890962CBE45A7001F1CE0 /* LaunchScreen.storyboard */,
				E1F890992CBE45A7001F1CE0 /* Info.plist */,
				E1F890912CBE45A5001F1CE0 /* Ust_TestDemo.xcdatamodeld */,
				E1F890BB2CBE4679001F1CE0 /* Ust_TestDemo-Bridging-Header.h */,
			);
			path = Ust_TestDemo;
			sourceTree = "<group>";
		};
		E1F890A12CBE45A7001F1CE0 /* Ust_TestDemoTests */ = {
			isa = PBXGroup;
			children = (
				E1F890A22CBE45A7001F1CE0 /* Ust_TestDemoTests.swift */,
			);
			path = Ust_TestDemoTests;
			sourceTree = "<group>";
		};
		E1F890AB2CBE45A7001F1CE0 /* Ust_TestDemoUITests */ = {
			isa = PBXGroup;
			children = (
				E1F890AC2CBE45A7001F1CE0 /* Ust_TestDemoUITests.swift */,
				E1F890AE2CBE45A7001F1CE0 /* Ust_TestDemoUITestsLaunchTests.swift */,
			);
			path = Ust_TestDemoUITests;
			sourceTree = "<group>";
		};
		E1F890C22CBE4782001F1CE0 /* Manger */ = {
			isa = PBXGroup;
			children = (
				E1F890C32CBE4795001F1CE0 /* LoginManger.h */,
				E1F890C42CBE4795001F1CE0 /* LoginManger.m */,
			);
			path = Manger;
			sourceTree = "<group>";
		};
		E1F890C62CBE4BA3001F1CE0 /* Controllers */ = {
			isa = PBXGroup;
			children = (
				E1F890CD2CBE4F64001F1CE0 /* LoginVCViewController.swift */,
				E1F890CF2CBE4F9E001F1CE0 /* DiscoveryVc.swift */,
				E1F890D12CBE4FDA001F1CE0 /* DetailIPVc.swift */,
				E192C7382CBF179200AC5721 /* StoredDevListVC.swift */,
			);
			path = Controllers;
			sourceTree = "<group>";
		};
		E1F890D32CBE6B57001F1CE0 /* Model */ = {
			isa = PBXGroup;
			children = (
				E1F890DE2CBE9C4A001F1CE0 /* IPInfo.swift */,
			);
			path = Model;
			sourceTree = "<group>";
		};
		E1F890D62CBE6CFB001F1CE0 /* Cell */ = {
			isa = PBXGroup;
			children = (
				E1F890D72CBE6D17001F1CE0 /* discoveryCell.swift */,
				E1F890D82CBE6D17001F1CE0 /* discoveryCell.xib */,
			);
			path = Cell;
			sourceTree = "<group>";
		};
		E1F890DB2CBE967D001F1CE0 /* ModelView */ = {
			isa = PBXGroup;
			children = (
				E1F890DC2CBE9699001F1CE0 /* DetailIPVcModel.swift */,
			);
			path = ModelView;
			sourceTree = "<group>";
		};
/* End PBXGroup section */

/* Begin PBXNativeTarget section */
		E1F890842CBE45A5001F1CE0 /* Ust_TestDemo */ = {
			isa = PBXNativeTarget;
			buildConfigurationList = E1F890B22CBE45A7001F1CE0 /* Build configuration list for PBXNativeTarget "Ust_TestDemo" */;
			buildPhases = (
				E1F890812CBE45A5001F1CE0 /* Sources */,
				E1F890822CBE45A5001F1CE0 /* Frameworks */,
				E1F890832CBE45A5001F1CE0 /* Resources */,
			);
			buildRules = (
			);
			dependencies = (
			);
			name = Ust_TestDemo;
			packageProductDependencies = (
				E192C7352CBF021A00AC5721 /* GoogleSignIn */,
			);
			productName = Ust_TestDemo;
			productReference = E1F890852CBE45A5001F1CE0 /* Ust_TestDemo.app */;
			productType = "com.apple.product-type.application";
		};
		E1F8909D2CBE45A7001F1CE0 /* Ust_TestDemoTests */ = {
			isa = PBXNativeTarget;
			buildConfigurationList = E1F890B52CBE45A7001F1CE0 /* Build configuration list for PBXNativeTarget "Ust_TestDemoTests" */;
			buildPhases = (
				E1F8909A2CBE45A7001F1CE0 /* Sources */,
				E1F8909B2CBE45A7001F1CE0 /* Frameworks */,
				E1F8909C2CBE45A7001F1CE0 /* Resources */,
			);
			buildRules = (
			);
			dependencies = (
				E1F890A02CBE45A7001F1CE0 /* PBXTargetDependency */,
			);
			name = Ust_TestDemoTests;
			productName = Ust_TestDemoTests;
			productReference = E1F8909E2CBE45A7001F1CE0 /* Ust_TestDemoTests.xctest */;
			productType = "com.apple.product-type.bundle.unit-test";
		};
		E1F890A72CBE45A7001F1CE0 /* Ust_TestDemoUITests */ = {
			isa = PBXNativeTarget;
			buildConfigurationList = E1F890B82CBE45A7001F1CE0 /* Build configuration list for PBXNativeTarget "Ust_TestDemoUITests" */;
			buildPhases = (
				E1F890A42CBE45A7001F1CE0 /* Sources */,
				E1F890A52CBE45A7001F1CE0 /* Frameworks */,
				E1F890A62CBE45A7001F1CE0 /* Resources */,
			);
			buildRules = (
			);
			dependencies = (
				E1F890AA2CBE45A7001F1CE0 /* PBXTargetDependency */,
			);
			name = Ust_TestDemoUITests;
			productName = Ust_TestDemoUITests;
			productReference = E1F890A82CBE45A7001F1CE0 /* Ust_TestDemoUITests.xctest */;
			productType = "com.apple.product-type.bundle.ui-testing";
		};
/* End PBXNativeTarget section */

/* Begin PBXProject section */
		E1F8907D2CBE45A5001F1CE0 /* Project object */ = {
			isa = PBXProject;
			attributes = {
				BuildIndependentTargetsInParallel = 1;
				LastSwiftUpdateCheck = 1540;
				LastUpgradeCheck = 1540;
				TargetAttributes = {
					E1F890842CBE45A5001F1CE0 = {
						CreatedOnToolsVersion = 15.4;
						LastSwiftMigration = 1540;
					};
					E1F8909D2CBE45A7001F1CE0 = {
						CreatedOnToolsVersion = 15.4;
						TestTargetID = E1F890842CBE45A5001F1CE0;
					};
					E1F890A72CBE45A7001F1CE0 = {
						CreatedOnToolsVersion = 15.4;
						TestTargetID = E1F890842CBE45A5001F1CE0;
					};
				};
			};
			buildConfigurationList = E1F890802CBE45A5001F1CE0 /* Build configuration list for PBXProject "Ust_TestDemo" */;
			compatibilityVersion = "Xcode 14.0";
			developmentRegion = en;
			hasScannedForEncodings = 0;
			knownRegions = (
				en,
				Base,
			);
			mainGroup = E1F8907C2CBE45A5001F1CE0;
			packageReferences = (
				E192C7332CBEFE9B00AC5721 /* XCRemoteSwiftPackageReference "GoogleSignIn-iOS" */,
				E192C7372CBF0F7F00AC5721 /* XCRemoteSwiftPackageReference "Reachability" */,
			);
			productRefGroup = E1F890862CBE45A5001F1CE0 /* Products */;
			projectDirPath = "";
			projectRoot = "";
			targets = (
				E1F890842CBE45A5001F1CE0 /* Ust_TestDemo */,
				E1F8909D2CBE45A7001F1CE0 /* Ust_TestDemoTests */,
				E1F890A72CBE45A7001F1CE0 /* Ust_TestDemoUITests */,
			);
		};
/* End PBXProject section */

/* Begin PBXResourcesBuildPhase section */
		E1F890832CBE45A5001F1CE0 /* Resources */ = {
			isa = PBXResourcesBuildPhase;
			buildActionMask = 2147483647;
			files = (
				E1F890952CBE45A7001F1CE0 /* Assets.xcassets in Resources */,
				E1F890982CBE45A7001F1CE0 /* Base in Resources */,
				E1F890902CBE45A5001F1CE0 /* Base in Resources */,
				E1F890DA2CBE6D17001F1CE0 /* discoveryCell.xib in Resources */,
			);
			runOnlyForDeploymentPostprocessing = 0;
		};
		E1F8909C2CBE45A7001F1CE0 /* Resources */ = {
			isa = PBXResourcesBuildPhase;
			buildActionMask = 2147483647;
			files = (
			);
			runOnlyForDeploymentPostprocessing = 0;
		};
		E1F890A62CBE45A7001F1CE0 /* Resources */ = {
			isa = PBXResourcesBuildPhase;
			buildActionMask = 2147483647;
			files = (
			);
			runOnlyForDeploymentPostprocessing = 0;
		};
/* End PBXResourcesBuildPhase section */

/* Begin PBXSourcesBuildPhase section */
		E1F890812CBE45A5001F1CE0 /* Sources */ = {
			isa = PBXSourcesBuildPhase;
			buildActionMask = 2147483647;
			files = (
				E1F890D22CBE4FDA001F1CE0 /* DetailIPVc.swift in Sources */,
				E1F8908D2CBE45A5001F1CE0 /* ViewController.swift in Sources */,
				E1165B382CBED8A700D62FA8 /* CoredataManager.swift in Sources */,
				E1F890932CBE45A5001F1CE0 /* Ust_TestDemo.xcdatamodeld in Sources */,
				E1F890DD2CBE9699001F1CE0 /* DetailIPVcModel.swift in Sources */,
				E192C7392CBF179200AC5721 /* StoredDevListVC.swift in Sources */,
				E1F890C52CBE4795001F1CE0 /* LoginManger.m in Sources */,
				E1F890D02CBE4F9E001F1CE0 /* DiscoveryVc.swift in Sources */,
				E1165AEC2CBED5C400D62FA8 /* DevInfo+CoreDataClass.swift in Sources */,
				E1165AED2CBED5C400D62FA8 /* DevInfo+CoreDataProperties.swift in Sources */,
				E1F890892CBE45A5001F1CE0 /* AppDelegate.swift in Sources */,
				E1F890DF2CBE9C4A001F1CE0 /* IPInfo.swift in Sources */,
				E1F8908B2CBE45A5001F1CE0 /* SceneDelegate.swift in Sources */,
				E1F890CE2CBE4F64001F1CE0 /* LoginVCViewController.swift in Sources */,
				E1F890D92CBE6D17001F1CE0 /* discoveryCell.swift in Sources */,
				E1165B332CBED70F00D62FA8 /* DeviceInfomation+CoreDataClass.swift in Sources */,
				E1165B342CBED70F00D62FA8 /* DeviceInfomation+CoreDataProperties.swift in Sources */,
			);
			runOnlyForDeploymentPostprocessing = 0;
		};
		E1F8909A2CBE45A7001F1CE0 /* Sources */ = {
			isa = PBXSourcesBuildPhase;
			buildActionMask = 2147483647;
			files = (
				E1F890A32CBE45A7001F1CE0 /* Ust_TestDemoTests.swift in Sources */,
			);
			runOnlyForDeploymentPostprocessing = 0;
		};
		E1F890A42CBE45A7001F1CE0 /* Sources */ = {
			isa = PBXSourcesBuildPhase;
			buildActionMask = 2147483647;
			files = (
				E1F890AF2CBE45A7001F1CE0 /* Ust_TestDemoUITestsLaunchTests.swift in Sources */,
				E1F890AD2CBE45A7001F1CE0 /* Ust_TestDemoUITests.swift in Sources */,
			);
			runOnlyForDeploymentPostprocessing = 0;
		};
/* End PBXSourcesBuildPhase section */

/* Begin PBXTargetDependency section */
		E1F890A02CBE45A7001F1CE0 /* PBXTargetDependency */ = {
			isa = PBXTargetDependency;
			target = E1F890842CBE45A5001F1CE0 /* Ust_TestDemo */;
			targetProxy = E1F8909F2CBE45A7001F1CE0 /* PBXContainerItemProxy */;
		};
		E1F890AA2CBE45A7001F1CE0 /* PBXTargetDependency */ = {
			isa = PBXTargetDependency;
			target = E1F890842CBE45A5001F1CE0 /* Ust_TestDemo */;
			targetProxy = E1F890A92CBE45A7001F1CE0 /* PBXContainerItemProxy */;
		};
/* End PBXTargetDependency section */

/* Begin PBXVariantGroup section */
		E1F8908E2CBE45A5001F1CE0 /* Main.storyboard */ = {
			isa = PBXVariantGroup;
			children = (
				E1F8908F2CBE45A5001F1CE0 /* Base */,
			);
			name = Main.storyboard;
			sourceTree = "<group>";
		};
		E1F890962CBE45A7001F1CE0 /* LaunchScreen.storyboard */ = {
			isa = PBXVariantGroup;
			children = (
				E1F890972CBE45A7001F1CE0 /* Base */,
			);
			name = LaunchScreen.storyboard;
			sourceTree = "<group>";
		};
/* End PBXVariantGroup section */

/* Begin XCBuildConfiguration section */
		E1F890B02CBE45A7001F1CE0 /* Debug */ = {
			isa = XCBuildConfiguration;
			buildSettings = {
				ALWAYS_SEARCH_USER_PATHS = NO;
				ASSETCATALOG_COMPILER_GENERATE_SWIFT_ASSET_SYMBOL_EXTENSIONS = YES;
				CLANG_ANALYZER_NONNULL = YES;
				CLANG_ANALYZER_NUMBER_OBJECT_CONVERSION = YES_AGGRESSIVE;
				CLANG_CXX_LANGUAGE_STANDARD = "gnu++20";
				CLANG_ENABLE_MODULES = YES;
				CLANG_ENABLE_OBJC_ARC = YES;
				CLANG_ENABLE_OBJC_WEAK = YES;
				CLANG_WARN_BLOCK_CAPTURE_AUTORELEASING = YES;
				CLANG_WARN_BOOL_CONVERSION = YES;
				CLANG_WARN_COMMA = YES;
				CLANG_WARN_CONSTANT_CONVERSION = YES;
				CLANG_WARN_DEPRECATED_OBJC_IMPLEMENTATIONS = YES;
				CLANG_WARN_DIRECT_OBJC_ISA_USAGE = YES_ERROR;
				CLANG_WARN_DOCUMENTATION_COMMENTS = YES;
				CLANG_WARN_EMPTY_BODY = YES;
				CLANG_WARN_ENUM_CONVERSION = YES;
				CLANG_WARN_INFINITE_RECURSION = YES;
				CLANG_WARN_INT_CONVERSION = YES;
				CLANG_WARN_NON_LITERAL_NULL_CONVERSION = YES;
				CLANG_WARN_OBJC_IMPLICIT_RETAIN_SELF = YES;
				CLANG_WARN_OBJC_LITERAL_CONVERSION = YES;
				CLANG_WARN_OBJC_ROOT_CLASS = YES_ERROR;
				CLANG_WARN_QUOTED_INCLUDE_IN_FRAMEWORK_HEADER = YES;
				CLANG_WARN_RANGE_LOOP_ANALYSIS = YES;
				CLANG_WARN_STRICT_PROTOTYPES = YES;
				CLANG_WARN_SUSPICIOUS_MOVE = YES;
				CLANG_WARN_UNGUARDED_AVAILABILITY = YES_AGGRESSIVE;
				CLANG_WARN_UNREACHABLE_CODE = YES;
				CLANG_WARN__DUPLICATE_METHOD_MATCH = YES;
				COPY_PHASE_STRIP = NO;
				DEBUG_INFORMATION_FORMAT = dwarf;
				ENABLE_STRICT_OBJC_MSGSEND = YES;
				ENABLE_TESTABILITY = YES;
				ENABLE_USER_SCRIPT_SANDBOXING = YES;
				GCC_C_LANGUAGE_STANDARD = gnu17;
				GCC_DYNAMIC_NO_PIC = NO;
				GCC_NO_COMMON_BLOCKS = YES;
				GCC_OPTIMIZATION_LEVEL = 0;
				GCC_PREPROCESSOR_DEFINITIONS = (
					"DEBUG=1",
					"$(inherited)",
				);
				GCC_WARN_64_TO_32_BIT_CONVERSION = YES;
				GCC_WARN_ABOUT_RETURN_TYPE = YES_ERROR;
				GCC_WARN_UNDECLARED_SELECTOR = YES;
				GCC_WARN_UNINITIALIZED_AUTOS = YES_AGGRESSIVE;
				GCC_WARN_UNUSED_FUNCTION = YES;
				GCC_WARN_UNUSED_VARIABLE = YES;
				IPHONEOS_DEPLOYMENT_TARGET = 15.4;
				LOCALIZATION_PREFERS_STRING_CATALOGS = YES;
				MTL_ENABLE_DEBUG_INFO = INCLUDE_SOURCE;
				MTL_FAST_MATH = YES;
				ONLY_ACTIVE_ARCH = YES;
				SDKROOT = iphoneos;
				SWIFT_ACTIVE_COMPILATION_CONDITIONS = "DEBUG $(inherited)";
				SWIFT_OPTIMIZATION_LEVEL = "-Onone";
			};
			name = Debug;
		};
		E1F890B12CBE45A7001F1CE0 /* Release */ = {
			isa = XCBuildConfiguration;
			buildSettings = {
				ALWAYS_SEARCH_USER_PATHS = NO;
				ASSETCATALOG_COMPILER_GENERATE_SWIFT_ASSET_SYMBOL_EXTENSIONS = YES;
				CLANG_ANALYZER_NONNULL = YES;
				CLANG_ANALYZER_NUMBER_OBJECT_CONVERSION = YES_AGGRESSIVE;
				CLANG_CXX_LANGUAGE_STANDARD = "gnu++20";
				CLANG_ENABLE_MODULES = YES;
				CLANG_ENABLE_OBJC_ARC = YES;
				CLANG_ENABLE_OBJC_WEAK = YES;
				CLANG_WARN_BLOCK_CAPTURE_AUTORELEASING = YES;
				CLANG_WARN_BOOL_CONVERSION = YES;
				CLANG_WARN_COMMA = YES;
				CLANG_WARN_CONSTANT_CONVERSION = YES;
				CLANG_WARN_DEPRECATED_OBJC_IMPLEMENTATIONS = YES;
				CLANG_WARN_DIRECT_OBJC_ISA_USAGE = YES_ERROR;
				CLANG_WARN_DOCUMENTATION_COMMENTS = YES;
				CLANG_WARN_EMPTY_BODY = YES;
				CLANG_WARN_ENUM_CONVERSION = YES;
				CLANG_WARN_INFINITE_RECURSION = YES;
				CLANG_WARN_INT_CONVERSION = YES;
				CLANG_WARN_NON_LITERAL_NULL_CONVERSION = YES;
				CLANG_WARN_OBJC_IMPLICIT_RETAIN_SELF = YES;
				CLANG_WARN_OBJC_LITERAL_CONVERSION = YES;
				CLANG_WARN_OBJC_ROOT_CLASS = YES_ERROR;
				CLANG_WARN_QUOTED_INCLUDE_IN_FRAMEWORK_HEADER = YES;
				CLANG_WARN_RANGE_LOOP_ANALYSIS = YES;
				CLANG_WARN_STRICT_PROTOTYPES = YES;
				CLANG_WARN_SUSPICIOUS_MOVE = YES;
				CLANG_WARN_UNGUARDED_AVAILABILITY = YES_AGGRESSIVE;
				CLANG_WARN_UNREACHABLE_CODE = YES;
				CLANG_WARN__DUPLICATE_METHOD_MATCH = YES;
				COPY_PHASE_STRIP = NO;
				DEBUG_INFORMATION_FORMAT = "dwarf-with-dsym";
				ENABLE_NS_ASSERTIONS = NO;
				ENABLE_STRICT_OBJC_MSGSEND = YES;
				ENABLE_USER_SCRIPT_SANDBOXING = YES;
				GCC_C_LANGUAGE_STANDARD = gnu17;
				GCC_NO_COMMON_BLOCKS = YES;
				GCC_WARN_64_TO_32_BIT_CONVERSION = YES;
				GCC_WARN_ABOUT_RETURN_TYPE = YES_ERROR;
				GCC_WARN_UNDECLARED_SELECTOR = YES;
				GCC_WARN_UNINITIALIZED_AUTOS = YES_AGGRESSIVE;
				GCC_WARN_UNUSED_FUNCTION = YES;
				GCC_WARN_UNUSED_VARIABLE = YES;
				IPHONEOS_DEPLOYMENT_TARGET = 15.4;
				LOCALIZATION_PREFERS_STRING_CATALOGS = YES;
				MTL_ENABLE_DEBUG_INFO = NO;
				MTL_FAST_MATH = YES;
				SDKROOT = iphoneos;
				SWIFT_COMPILATION_MODE = wholemodule;
				VALIDATE_PRODUCT = YES;
			};
			name = Release;
		};
		E1F890B32CBE45A7001F1CE0 /* Debug */ = {
			isa = XCBuildConfiguration;
			buildSettings = {
				ASSETCATALOG_COMPILER_APPICON_NAME = AppIcon;
				ASSETCATALOG_COMPILER_GLOBAL_ACCENT_COLOR_NAME = AccentColor;
				CLANG_ENABLE_MODULES = YES;
				CODE_SIGN_STYLE = Manual;
				CURRENT_PROJECT_VERSION = 1;
				DEVELOPMENT_TEAM = "";
				GENERATE_INFOPLIST_FILE = YES;
				INFOPLIST_FILE = Ust_TestDemo/Info.plist;
				INFOPLIST_KEY_UILaunchStoryboardName = LaunchScreen;
				INFOPLIST_KEY_UIMainStoryboardFile = Main;
				INFOPLIST_KEY_UISupportedInterfaceOrientations_iPad = "UIInterfaceOrientationPortrait UIInterfaceOrientationPortraitUpsideDown UIInterfaceOrientationLandscapeLeft UIInterfaceOrientationLandscapeRight";
				INFOPLIST_KEY_UISupportedInterfaceOrientations_iPhone = "UIInterfaceOrientationPortrait UIInterfaceOrientationLandscapeLeft UIInterfaceOrientationLandscapeRight";
				LD_RUNPATH_SEARCH_PATHS = (
					"$(inherited)",
					"@executable_path/Frameworks",
				);
				MARKETING_VERSION = 1.0;
				PRODUCT_BUNDLE_IDENTIFIER = com.wisilica.lightWorthydemo;
				PRODUCT_NAME = "$(TARGET_NAME)";
				PROVISIONING_PROFILE_SPECIFIER = "";
				SWIFT_EMIT_LOC_STRINGS = YES;
				SWIFT_OBJC_BRIDGING_HEADER = "Ust_TestDemo/Ust_TestDemo-Bridging-Header.h";
				SWIFT_OPTIMIZATION_LEVEL = "-Onone";
				SWIFT_VERSION = 5.0;
				TARGETED_DEVICE_FAMILY = "1,2";
			};
			name = Debug;
		};
		E1F890B42CBE45A7001F1CE0 /* Release */ = {
			isa = XCBuildConfiguration;
			buildSettings = {
				ASSETCATALOG_COMPILER_APPICON_NAME = AppIcon;
				ASSETCATALOG_COMPILER_GLOBAL_ACCENT_COLOR_NAME = AccentColor;
				CLANG_ENABLE_MODULES = YES;
				CODE_SIGN_STYLE = Manual;
				CURRENT_PROJECT_VERSION = 1;
				DEVELOPMENT_TEAM = "";
				GENERATE_INFOPLIST_FILE = YES;
				INFOPLIST_FILE = Ust_TestDemo/Info.plist;
				INFOPLIST_KEY_UILaunchStoryboardName = LaunchScreen;
				INFOPLIST_KEY_UIMainStoryboardFile = Main;
				INFOPLIST_KEY_UISupportedInterfaceOrientations_iPad = "UIInterfaceOrientationPortrait UIInterfaceOrientationPortraitUpsideDown UIInterfaceOrientationLandscapeLeft UIInterfaceOrientationLandscapeRight";
				INFOPLIST_KEY_UISupportedInterfaceOrientations_iPhone = "UIInterfaceOrientationPortrait UIInterfaceOrientationLandscapeLeft UIInterfaceOrientationLandscapeRight";
				LD_RUNPATH_SEARCH_PATHS = (
					"$(inherited)",
					"@executable_path/Frameworks",
				);
				MARKETING_VERSION = 1.0;
				PRODUCT_BUNDLE_IDENTIFIER = com.wisilica.lightWorthydemo;
				PRODUCT_NAME = "$(TARGET_NAME)";
				PROVISIONING_PROFILE_SPECIFIER = "";
				SWIFT_EMIT_LOC_STRINGS = YES;
				SWIFT_OBJC_BRIDGING_HEADER = "Ust_TestDemo/Ust_TestDemo-Bridging-Header.h";
				SWIFT_VERSION = 5.0;
				TARGETED_DEVICE_FAMILY = "1,2";
			};
			name = Release;
		};
		E1F890B62CBE45A7001F1CE0 /* Debug */ = {
			isa = XCBuildConfiguration;
			buildSettings = {
				ALWAYS_EMBED_SWIFT_STANDARD_LIBRARIES = YES;
				BUNDLE_LOADER = "$(TEST_HOST)";
				CODE_SIGN_STYLE = Automatic;
				CURRENT_PROJECT_VERSION = 1;
				GENERATE_INFOPLIST_FILE = YES;
				IPHONEOS_DEPLOYMENT_TARGET = 17.5;
				MARKETING_VERSION = 1.0;
				PRODUCT_BUNDLE_IDENTIFIER = "com.wisilica.lightWorthy.Ust-TestDemoTests";
				PRODUCT_NAME = "$(TARGET_NAME)";
				SWIFT_EMIT_LOC_STRINGS = NO;
				SWIFT_VERSION = 5.0;
				TARGETED_DEVICE_FAMILY = "1,2";
				TEST_HOST = "$(BUILT_PRODUCTS_DIR)/Ust_TestDemo.app/$(BUNDLE_EXECUTABLE_FOLDER_PATH)/Ust_TestDemo";
			};
			name = Debug;
		};
		E1F890B72CBE45A7001F1CE0 /* Release */ = {
			isa = XCBuildConfiguration;
			buildSettings = {
				ALWAYS_EMBED_SWIFT_STANDARD_LIBRARIES = YES;
				BUNDLE_LOADER = "$(TEST_HOST)";
				CODE_SIGN_STYLE = Automatic;
				CURRENT_PROJECT_VERSION = 1;
				GENERATE_INFOPLIST_FILE = YES;
				IPHONEOS_DEPLOYMENT_TARGET = 17.5;
				MARKETING_VERSION = 1.0;
				PRODUCT_BUNDLE_IDENTIFIER = "com.wisilica.lightWorthy.Ust-TestDemoTests";
				PRODUCT_NAME = "$(TARGET_NAME)";
				SWIFT_EMIT_LOC_STRINGS = NO;
				SWIFT_VERSION = 5.0;
				TARGETED_DEVICE_FAMILY = "1,2";
				TEST_HOST = "$(BUILT_PRODUCTS_DIR)/Ust_TestDemo.app/$(BUNDLE_EXECUTABLE_FOLDER_PATH)/Ust_TestDemo";
			};
			name = Release;
		};
		E1F890B92CBE45A7001F1CE0 /* Debug */ = {
			isa = XCBuildConfiguration;
			buildSettings = {
				ALWAYS_EMBED_SWIFT_STANDARD_LIBRARIES = YES;
				CODE_SIGN_STYLE = Automatic;
				CURRENT_PROJECT_VERSION = 1;
				GENERATE_INFOPLIST_FILE = YES;
				MARKETING_VERSION = 1.0;
				PRODUCT_BUNDLE_IDENTIFIER = "com.wisilica.lightWorthy.Ust-TestDemoUITests";
				PRODUCT_NAME = "$(TARGET_NAME)";
				SWIFT_EMIT_LOC_STRINGS = NO;
				SWIFT_VERSION = 5.0;
				TARGETED_DEVICE_FAMILY = "1,2";
				TEST_TARGET_NAME = Ust_TestDemo;
			};
			name = Debug;
		};
		E1F890BA2CBE45A7001F1CE0 /* Release */ = {
			isa = XCBuildConfiguration;
			buildSettings = {
				ALWAYS_EMBED_SWIFT_STANDARD_LIBRARIES = YES;
				CODE_SIGN_STYLE = Automatic;
				CURRENT_PROJECT_VERSION = 1;
				GENERATE_INFOPLIST_FILE = YES;
				MARKETING_VERSION = 1.0;
				PRODUCT_BUNDLE_IDENTIFIER = "com.wisilica.lightWorthy.Ust-TestDemoUITests";
				PRODUCT_NAME = "$(TARGET_NAME)";
				SWIFT_EMIT_LOC_STRINGS = NO;
				SWIFT_VERSION = 5.0;
				TARGETED_DEVICE_FAMILY = "1,2";
				TEST_TARGET_NAME = Ust_TestDemo;
			};
			name = Release;
		};
/* End XCBuildConfiguration section */

/* Begin XCConfigurationList section */
		E1F890802CBE45A5001F1CE0 /* Build configuration list for PBXProject "Ust_TestDemo" */ = {
			isa = XCConfigurationList;
			buildConfigurations = (
				E1F890B02CBE45A7001F1CE0 /* Debug */,
				E1F890B12CBE45A7001F1CE0 /* Release */,
			);
			defaultConfigurationIsVisible = 0;
			defaultConfigurationName = Release;
		};
		E1F890B22CBE45A7001F1CE0 /* Build configuration list for PBXNativeTarget "Ust_TestDemo" */ = {
			isa = XCConfigurationList;
			buildConfigurations = (
				E1F890B32CBE45A7001F1CE0 /* Debug */,
				E1F890B42CBE45A7001F1CE0 /* Release */,
			);
			defaultConfigurationIsVisible = 0;
			defaultConfigurationName = Release;
		};
		E1F890B52CBE45A7001F1CE0 /* Build configuration list for PBXNativeTarget "Ust_TestDemoTests" */ = {
			isa = XCConfigurationList;
			buildConfigurations = (
				E1F890B62CBE45A7001F1CE0 /* Debug */,
				E1F890B72CBE45A7001F1CE0 /* Release */,
			);
			defaultConfigurationIsVisible = 0;
			defaultConfigurationName = Release;
		};
		E1F890B82CBE45A7001F1CE0 /* Build configuration list for PBXNativeTarget "Ust_TestDemoUITests" */ = {
			isa = XCConfigurationList;
			buildConfigurations = (
				E1F890B92CBE45A7001F1CE0 /* Debug */,
				E1F890BA2CBE45A7001F1CE0 /* Release */,
			);
			defaultConfigurationIsVisible = 0;
			defaultConfigurationName = Release;
		};
/* End XCConfigurationList section */

/* Begin XCRemoteSwiftPackageReference section */
		E192C7332CBEFE9B00AC5721 /* XCRemoteSwiftPackageReference "GoogleSignIn-iOS" */ = {
			isa = XCRemoteSwiftPackageReference;
			repositoryURL = "https://github.com/google/GoogleSignIn-iOS";
			requirement = {
				kind = upToNextMajorVersion;
				minimumVersion = 8.0.0;
			};
		};
		E192C7372CBF0F7F00AC5721 /* XCRemoteSwiftPackageReference "Reachability" */ = {
			isa = XCRemoteSwiftPackageReference;
			repositoryURL = "https://github.com/ashleymills/Reachability.swift";
			requirement = {
				branch = master;
				kind = branch;
			};
		};
/* End XCRemoteSwiftPackageReference section */

/* Begin XCSwiftPackageProductDependency section */
		E192C7352CBF021A00AC5721 /* GoogleSignIn */ = {
			isa = XCSwiftPackageProductDependency;
			package = E192C7332CBEFE9B00AC5721 /* XCRemoteSwiftPackageReference "GoogleSignIn-iOS" */;
			productName = GoogleSignIn;
		};
/* End XCSwiftPackageProductDependency section */

/* Begin XCVersionGroup section */
		E1F890912CBE45A5001F1CE0 /* Ust_TestDemo.xcdatamodeld */ = {
			isa = XCVersionGroup;
			children = (
				E1F890922CBE45A5001F1CE0 /* Ust_TestDemo.xcdatamodel */,
			);
			currentVersion = E1F890922CBE45A5001F1CE0 /* Ust_TestDemo.xcdatamodel */;
			path = Ust_TestDemo.xcdatamodeld;
			sourceTree = "<group>";
			versionGroupType = wrapper.xcdatamodel;
		};
/* End XCVersionGroup section */
	};
	rootObject = E1F8907D2CBE45A5001F1CE0 /* Project object */;
}
